
Microsoft Visual Studio Solution File, Format Version 12.00
# Visual Studio Version 17
VisualStudioVersion = 17.0.31903.59
MinimumVisualStudioVersion = 10.0.40219.1
Project("{9A19103F-16F7-4668-BE54-9A1E7A4F7556}") = "RegistroANS", "RegistroANS.csproj", "{B6BC4798-CA28-49FB-83FE-5ABF2C74E762}"
EndProject
Global
	GlobalSection(SolutionConfigurationPlatforms) = preSolution
		Debug|Any CPU = Debug|Any CPU
		Release|Any CPU = Release|Any CPU
	EndGlobalSection
	GlobalSection(ProjectConfigurationPlatforms) = postSolution
		{B6BC4798-CA28-49FB-83FE-5ABF2C74E762}.Debug|Any CPU.ActiveCfg = Debug|Any CPU
		{B6BC4798-CA28-49FB-83FE-5ABF2C74E762}.Debug|Any CPU.Build.0 = Debug|Any CPU
		{B6BC4798-CA28-49FB-83FE-5ABF2C74E762}.Release|Any CPU.ActiveCfg = Release|Any CPU
		{B6BC4798-CA28-49FB-83FE-5ABF2C74E762}.Release|Any CPU.Build.0 = Release|Any CPU
	EndGlobalSection
	GlobalSection(SolutionProperties) = preSolution
		HideSolutionNode = FALSE
	EndGlobalSection
	GlobalSection(ExtensibilityGlobals) = postSolution
		SolutionGuid = {9F117C01-D553-4B33-BCA5-DB5DFB28C5C3}
	EndGlobalSection
EndGlobal
